
Microsoft Visual Studio Solution File, Format Version 12.00
Project("{FAE04EC0-301F-11D3-BF4B-00C04F79EFBC}") = "SeleniumTutorial", "SeleniumTutorial\SeleniumTutorial.csproj", "{974760D5-7AE3-4A15-90A6-D6F96F95651F}"
EndProject
Project("{FAE04EC0-301F-11D3-BF4B-00C04F79EFBC}") = "SeleniumTutorial.Tests", "SeleniumTutorial.Tests\SeleniumTutorial.Tests.csproj", "{C68977EC-DB53-4649-9634-5FB368B957FD}"
EndProject
Project("{2150E333-8FDC-42A3-9474-1A3956D46DE8}") = "SolutionFolder", "SolutionFolder", "{763B8BE6-8DE7-44A6-BE4F-30C72D5AB208}"
	ProjectSection(SolutionItems) = preProject
		Dockerfile = Dockerfile
		ReadMe.md = ReadMe.md
	EndProjectSection
EndProject
Global
	GlobalSection(SolutionConfigurationPlatforms) = preSolution
		Debug|Any CPU = Debug|Any CPU
		Release|Any CPU = Release|Any CPU
	EndGlobalSection
	GlobalSection(ProjectConfigurationPlatforms) = postSolution
		{974760D5-7AE3-4A15-90A6-D6F96F95651F}.Debug|Any CPU.ActiveCfg = Debug|Any CPU
		{974760D5-7AE3-4A15-90A6-D6F96F95651F}.Debug|Any CPU.Build.0 = Debug|Any CPU
		{974760D5-7AE3-4A15-90A6-D6F96F95651F}.Release|Any CPU.ActiveCfg = Release|Any CPU
		{974760D5-7AE3-4A15-90A6-D6F96F95651F}.Release|Any CPU.Build.0 = Release|Any CPU
		{C68977EC-DB53-4649-9634-5FB368B957FD}.Debug|Any CPU.ActiveCfg = Debug|Any CPU
		{C68977EC-DB53-4649-9634-5FB368B957FD}.Debug|Any CPU.Build.0 = Debug|Any CPU
		{C68977EC-DB53-4649-9634-5FB368B957FD}.Release|Any CPU.ActiveCfg = Release|Any CPU
		{C68977EC-DB53-4649-9634-5FB368B957FD}.Release|Any CPU.Build.0 = Release|Any CPU
	EndGlobalSection
EndGlobal
